<?xml version="1.0" encoding="utf-8"?>
<Project ToolsVersion="4.0" xmlns="http://schemas.microsoft.com/developer/msbuild/2003">
  <ItemGroup>
    <FxCompile Include="PixelShaderGPass.hlsl" />
    <FxCompile Include="PixelShaderLightPass.hlsl" />
    <FxCompile Include="VertexShaderGPass.hlsl" />
    <FxCompile Include="VertexShaderLightPass.hlsl" />
  </ItemGroup>
  <ItemGroup>
    <ClCompile Include="CameraObject.cpp" />
    <ClCompile Include="Engine.cpp" />
    <ClCompile Include="Graphics.cpp" />
    <ClCompile Include="Game.cpp" />
    <ClCompile Include="GameObject.cpp" />
    <ClCompile Include="GeometryPass.cpp" />
    <ClCompile Include="InputHandler.cpp" />
    <ClCompile Include="LightPass.cpp" />
    <ClCompile Include="main.cpp" />
    <ClCompile Include="MeshObject.cpp" />
    <ClCompile Include="RenderPass.cpp" />
    <ClCompile Include="Resource.cpp" />
    <ClCompile Include="ResourceManager.cpp" />
    <ClCompile Include="Scene.cpp" />
    <ClCompile Include="SceneHandler.cpp" />
    <ClCompile Include="Texture.cpp" />
    <ClCompile Include="Window.cpp" />
  </ItemGroup>
  <ItemGroup>
    <ClInclude Include="CameraObject.h" />
    <ClInclude Include="Engine.h" />
    <ClInclude Include="Graphics.h" />
    <ClInclude Include="Game.h" />
    <ClInclude Include="GameObject.h" />
    <ClInclude Include="GeometryPass.h" />
    <ClInclude Include="InputHandler.h" />
    <ClInclude Include="LightPass.h" />
    <ClInclude Include="MeshObject.h" />
    <ClInclude Include="ParticleSystem.h" />
    <ClInclude Include="RenderPass.h" />
    <ClInclude Include="Resource.h" />
    <ClInclude Include="ResourceManager.h" />
    <ClInclude Include="Scene.h" />
    <ClInclude Include="SceneHandler.h" />
    <ClInclude Include="SSAO.h" />
    <ClInclude Include="stb_image.h" />
    <ClInclude Include="Texture.h" />
    <ClInclude Include="UsefulHeader.h" />
    <ClInclude Include="UsefulStructuresHeader.h" />
    <ClInclude Include="Window.h" />
    <ClInclude Include="SimpleMath.h" />
  </ItemGroup>
  <ItemGroup>
    <None Include="CPP.HINT" />
  </ItemGroup>
</Project>