<?xml version="1.0" encoding="utf-8"?>
<Project ToolsVersion="4.0" xmlns="http://schemas.microsoft.com/developer/msbuild/2003">
  <ItemGroup>
    <FxCompile Include="VertexShaderParticle.hlsl">
      <Filter>Engine\Graphics\Shaders\Particle Shaders</Filter>
    </FxCompile>
    <FxCompile Include="PixelShaderParticle.hlsl">
      <Filter>Engine\Graphics\Shaders\Particle Shaders</Filter>
    </FxCompile>
    <FxCompile Include="ComputeShaderParticle.hlsl">
      <Filter>Engine\Graphics\Shaders\Particle Shaders</Filter>
    </FxCompile>
    <FxCompile Include="GeometryShaderParticle.hlsl">
      <Filter>Engine\Graphics\Shaders\Particle Shaders</Filter>
    </FxCompile>
    <FxCompile Include="PixelShaderLightPass.hlsl">
      <Filter>Engine\Graphics\Shaders\Light Shaders</Filter>
    </FxCompile>
    <FxCompile Include="VertexShaderLightPass.hlsl">
      <Filter>Engine\Graphics\Shaders\Light Shaders</Filter>
    </FxCompile>
    <FxCompile Include="VertexShaderGPass.hlsl">
      <Filter>Engine\Graphics\Shaders\G Shaders</Filter>
    </FxCompile>
    <FxCompile Include="PixelShaderGPass.hlsl">
      <Filter>Engine\Graphics\Shaders\G Shaders</Filter>
    </FxCompile>
    <FxCompile Include="ShadowVertex.hlsl">
      <Filter>Engine\Graphics\Shaders\Shadow Pass Shaders</Filter>
    </FxCompile>
    <FxCompile Include="DebugVertexShader.hlsl">
      <Filter>Engine\Graphics\Shaders\Bounding Box Shaders</Filter>
    </FxCompile>
    <FxCompile Include="DebugPixelShader.hlsl">
      <Filter>Engine\Graphics\Shaders\Bounding Box Shaders</Filter>
    </FxCompile>
    <FxCompile Include="SkyboxPixelShader.hlsl">
      <Filter>Engine\Graphics\Shaders\Skybox Shaders</Filter>
    </FxCompile>
    <FxCompile Include="SkyboxVertexShader.hlsl">
      <Filter>Engine\Graphics\Shaders\Skybox Shaders</Filter>
    </FxCompile>
    <FxCompile Include="BlurFilterCS.hlsl">
      <Filter>Engine\Graphics\Shaders\BlurFilter</Filter>
    </FxCompile>
    <FxCompile Include="AnimationVertexShader.hlsl">
      <Filter>Engine\Graphics\Shaders\Animation</Filter>
    </FxCompile>
  </ItemGroup>
  <ItemGroup>
    <ClCompile Include="main.cpp" />
    <ClCompile Include="SceneHandler.cpp">
      <Filter>Engine\Scene</Filter>
    </ClCompile>
    <ClCompile Include="Scene.cpp">
      <Filter>Engine\Scene</Filter>
    </ClCompile>
    <ClCompile Include="GameObject.cpp">
      <Filter>Engine\Resources\Objects</Filter>
    </ClCompile>
    <ClCompile Include="Graphics.cpp">
      <Filter>Engine\Graphics</Filter>
    </ClCompile>
    <ClCompile Include="Engine.cpp">
      <Filter>Engine</Filter>
    </ClCompile>
    <ClCompile Include="RenderPass.cpp">
      <Filter>Engine\Graphics</Filter>
    </ClCompile>
    <ClCompile Include="Texture.cpp">
      <Filter>Engine\Resources\Objects\Model</Filter>
    </ClCompile>
    <ClCompile Include="Mesh.cpp">
      <Filter>Engine\Resources\Objects\Model</Filter>
    </ClCompile>
    <ClCompile Include="MeshObject.cpp">
      <Filter>Engine\Resources\Objects\Model</Filter>
    </ClCompile>
    <ClCompile Include="Resource.cpp">
      <Filter>Engine\Resources</Filter>
    </ClCompile>
    <ClCompile Include="ResourceManager.cpp">
      <Filter>Engine\Resources</Filter>
    </ClCompile>
    <ClCompile Include="CameraObject.cpp">
      <Filter>Engine\Camera</Filter>
    </ClCompile>
    <ClCompile Include="Window.cpp">
      <Filter>Engine</Filter>
    </ClCompile>
    <ClCompile Include="Game.cpp">
      <Filter>Game</Filter>
    </ClCompile>
    <ClCompile Include="SkyboxPass.cpp">
      <Filter>Engine\Graphics</Filter>
    </ClCompile>
    <ClCompile Include="Player.cpp">
      <Filter>Game</Filter>
    </ClCompile>
    <ClCompile Include="imgui.cpp">
      <Filter>Engine\Graphics\imgui</Filter>
    </ClCompile>
    <ClCompile Include="imgui_demo.cpp">
      <Filter>Engine\Graphics\imgui</Filter>
    </ClCompile>
    <ClCompile Include="imgui_draw.cpp">
      <Filter>Engine\Graphics\imgui</Filter>
    </ClCompile>
    <ClCompile Include="imgui_impl_dx11.cpp">
      <Filter>Engine\Graphics\imgui</Filter>
    </ClCompile>
    <ClCompile Include="imgui_impl_win32.cpp">
      <Filter>Engine\Graphics\imgui</Filter>
    </ClCompile>
    <ClCompile Include="imgui_widgets.cpp">
      <Filter>Engine\Graphics\imgui</Filter>
    </ClCompile>
    <ClCompile Include="GUIHandler.cpp">
      <Filter>Engine\Graphics\imgui</Filter>
    </ClCompile>
    <ClCompile Include="imgui_tables.cpp">
      <Filter>Engine\Graphics\imgui</Filter>
    </ClCompile>
    <ClCompile Include="ShadowMap.cpp">
      <Filter>Engine\Graphics\Techniques</Filter>
    </ClCompile>
    <ClCompile Include="ShadowHandler.cpp">
      <Filter>Engine\Graphics\Techniques</Filter>
    </ClCompile>
    <ClCompile Include="ParticleSystem.cpp">
      <Filter>Engine\Graphics\Techniques</Filter>
    </ClCompile>
    <ClCompile Include="DebugInfo.cpp">
      <Filter>Engine\DEBUG</Filter>
    </ClCompile>
    <ClCompile Include="BlurFilter.cpp">
      <Filter>Engine\Graphics\Techniques</Filter>
    </ClCompile>
    <ClCompile Include="MainMenu.cpp">
      <Filter>Game</Filter>
    </ClCompile>
    <ClCompile Include="InputHandler.cpp">
      <Filter>Engine\IO</Filter>
    </ClCompile>
    <ClCompile Include="Enemy.cpp">
      <Filter>Engine\AI</Filter>
    </ClCompile>
    <ClCompile Include="AIHandler.cpp">
      <Filter>Engine\AI</Filter>
    </ClCompile>
    <ClCompile Include="Node.cpp">
      <Filter>Engine\AI</Filter>
    </ClCompile>
    <ClCompile Include="SoundHandler.cpp">
      <Filter>Engine\Audio</Filter>
    </ClCompile>
    <ClCompile Include="RandomSpotPicker.cpp">
      <Filter>Game</Filter>
    </ClCompile>
    <ClCompile Include="QuadTree.cpp">
      <Filter>Engine\Graphics\Techniques\Acceleration\Frustum Culling</Filter>
    </ClCompile>
    <ClCompile Include="Frustum.cpp">
      <Filter>Engine\Graphics\Techniques\Acceleration\Frustum Culling</Filter>
    </ClCompile>
    <ClCompile Include="AnimatedObject.cpp">
      <Filter>Engine\Resources\Objects\Animation</Filter>
    </ClCompile>
    <ClCompile Include="Animation.cpp">
      <Filter>Engine\Resources\Objects\Animation</Filter>
    </ClCompile>
  </ItemGroup>
  <ItemGroup>
    <ClInclude Include="Scene.h">
      <Filter>Engine\Scene</Filter>
    </ClInclude>
    <ClInclude Include="SceneHandler.h">
      <Filter>Engine\Scene</Filter>
    </ClInclude>
    <ClInclude Include="SSAO.h">
      <Filter>Engine\Graphics\Techniques</Filter>
    </ClInclude>
    <ClInclude Include="GameObject.h">
      <Filter>Engine\Resources\Objects</Filter>
    </ClInclude>
    <ClInclude Include="UsefulStructuresHeader.h">
      <Filter>Structures</Filter>
    </ClInclude>
    <ClInclude Include="stb_image.h">
      <Filter>Includes</Filter>
    </ClInclude>
    <ClInclude Include="ParticleSystem.h">
      <Filter>Engine\Graphics\Techniques</Filter>
    </ClInclude>
    <ClInclude Include="Graphics.h">
      <Filter>Engine\Graphics</Filter>
    </ClInclude>
    <ClInclude Include="Engine.h">
      <Filter>Engine</Filter>
    </ClInclude>
    <ClInclude Include="RenderPass.h">
      <Filter>Engine\Graphics</Filter>
    </ClInclude>
    <ClInclude Include="Mesh.h">
      <Filter>Engine\Resources\Objects\Model</Filter>
    </ClInclude>
    <ClInclude Include="Texture.h">
      <Filter>Engine\Resources\Objects\Model</Filter>
    </ClInclude>
    <ClInclude Include="MeshObject.h">
      <Filter>Engine\Resources\Objects\Model</Filter>
    </ClInclude>
    <ClInclude Include="Resource.h">
      <Filter>Engine\Resources</Filter>
    </ClInclude>
    <ClInclude Include="ResourceManager.h">
      <Filter>Engine\Resources</Filter>
    </ClInclude>
    <ClInclude Include="CameraObject.h">
      <Filter>Engine\Camera</Filter>
    </ClInclude>
    <ClInclude Include="UsefulHeader.h">
      <Filter>Structures</Filter>
    </ClInclude>
    <ClInclude Include="Window.h">
      <Filter>Engine</Filter>
    </ClInclude>
    <ClInclude Include="Game.h">
      <Filter>Game</Filter>
    </ClInclude>
    <ClInclude Include="SkyboxPass.h">
      <Filter>Engine\Graphics</Filter>
    </ClInclude>
    <ClInclude Include="Player.h">
      <Filter>Game</Filter>
    </ClInclude>
    <ClInclude Include="DebugInfo.h">
      <Filter>Engine\DEBUG</Filter>
    </ClInclude>
    <ClInclude Include="GUIHandler.h">
      <Filter>Engine\Graphics\imgui</Filter>
    </ClInclude>
    <ClInclude Include="imconfig.h">
      <Filter>Engine\Graphics\imgui</Filter>
    </ClInclude>
    <ClInclude Include="imgui.h">
      <Filter>Engine\Graphics\imgui</Filter>
    </ClInclude>
    <ClInclude Include="imgui_impl_dx11.h">
      <Filter>Engine\Graphics\imgui</Filter>
    </ClInclude>
    <ClInclude Include="imgui_impl_win32.h">
      <Filter>Engine\Graphics\imgui</Filter>
    </ClInclude>
    <ClInclude Include="imgui_internal.h">
      <Filter>Engine\Graphics\imgui</Filter>
    </ClInclude>
    <ClInclude Include="ShadowMap.h">
      <Filter>Engine\Graphics\Techniques</Filter>
    </ClInclude>
    <ClInclude Include="ShadowHandler.h">
      <Filter>Engine\Graphics\Techniques</Filter>
    </ClInclude>
    <ClInclude Include="BlurFilter.h">
      <Filter>Engine\Graphics\Techniques</Filter>
    </ClInclude>
    <ClInclude Include="MainMenu.h">
      <Filter>Game</Filter>
    </ClInclude>
    <ClInclude Include="InputHandler.h">
      <Filter>Engine\IO</Filter>
    </ClInclude>
    <ClInclude Include="Enemy.h">
      <Filter>Engine\AI</Filter>
    </ClInclude>
    <ClInclude Include="AIHandler.h">
      <Filter>Engine\AI</Filter>
    </ClInclude>
    <ClInclude Include="SoundHandler.h">
      <Filter>Engine\Audio</Filter>
    </ClInclude>
    <ClInclude Include="RandomSpotPicker.h">
      <Filter>Game</Filter>
    </ClInclude>
    <ClInclude Include="QuadTree.h">
      <Filter>Engine\Graphics\Techniques\Acceleration\Frustum Culling</Filter>
    </ClInclude>
    <ClInclude Include="Frustum.h">
      <Filter>Engine\Graphics\Techniques\Acceleration\Frustum Culling</Filter>
    </ClInclude>
    <ClInclude Include="AnimatedObject.h">
      <Filter>Engine\Resources\Objects\Animation</Filter>
    </ClInclude>
    <ClInclude Include="Animation.h">
      <Filter>Engine\Resources\Objects\Animation</Filter>
    </ClInclude>
    <ClInclude Include="Node.h">
      <Filter>Engine\AI</Filter>
    </ClInclude>
  </ItemGroup>
  <ItemGroup>
    <None Include="CPP.HINT">
      <Filter>Structures</Filter>
    </None>
    <None Include="packages.config">
      <Filter>Structures</Filter>
    </None>
    <None Include="myfile.spritefont">
      <Filter>Engine\Graphics\Shaders</Filter>
    </None>
  </ItemGroup>
  <ItemGroup>
    <Filter Include="Includes">
      <UniqueIdentifier>{94cc0bd7-bea8-43f6-8dc7-80aeab86f267}</UniqueIdentifier>
    </Filter>
    <Filter Include="Engine">
      <UniqueIdentifier>{fae7b3d3-00a2-48a6-bb82-78a89ba934e0}</UniqueIdentifier>
    </Filter>
    <Filter Include="Engine\Graphics">
      <UniqueIdentifier>{fe35899a-515e-4213-a7c0-a22f46f4e96a}</UniqueIdentifier>
    </Filter>
    <Filter Include="Engine\Scene">
      <UniqueIdentifier>{a197a494-a28a-4a04-bd51-05df53cfa61f}</UniqueIdentifier>
    </Filter>
    <Filter Include="Engine\Graphics\Shaders">
      <UniqueIdentifier>{a03a7783-5259-46b3-b42d-273823dbb5b5}</UniqueIdentifier>
    </Filter>
    <Filter Include="Engine\Resources">
      <UniqueIdentifier>{bc28b6ba-14ab-4b4f-b282-7a5a561966c4}</UniqueIdentifier>
    </Filter>
    <Filter Include="Engine\Resources\Objects">
      <UniqueIdentifier>{85298d2c-9e5d-40a4-a29d-973753354b45}</UniqueIdentifier>
    </Filter>
    <Filter Include="Engine\Resources\Objects\Model">
      <UniqueIdentifier>{e97f96cd-b098-4008-ad15-7fdbf95c0dd0}</UniqueIdentifier>
    </Filter>
    <Filter Include="Engine\Camera">
      <UniqueIdentifier>{41befbec-07b3-4880-b5e0-ad671c0a0e95}</UniqueIdentifier>
    </Filter>
    <Filter Include="Game">
      <UniqueIdentifier>{cd8f76b2-4ae1-4ba8-aac0-39b8e472d529}</UniqueIdentifier>
    </Filter>
    <Filter Include="Structures">
      <UniqueIdentifier>{799eead1-418e-412d-a39b-e53e412fd315}</UniqueIdentifier>
    </Filter>
    <Filter Include="Engine\Graphics\Techniques">
      <UniqueIdentifier>{1d409d0e-e0d2-4a3e-bd9f-4711da5fbe64}</UniqueIdentifier>
    </Filter>
    <Filter Include="Engine\DEBUG">
      <UniqueIdentifier>{9c8412bf-2332-4ad2-a0cc-023b1ff46a49}</UniqueIdentifier>
    </Filter>
    <Filter Include="Engine\Graphics\imgui">
      <UniqueIdentifier>{858b5652-46d0-4a74-ad90-7a5e905b510a}</UniqueIdentifier>
    </Filter>
    <Filter Include="Engine\Graphics\Shaders\Particle Shaders">
      <UniqueIdentifier>{178aa798-03e2-4f31-ad79-8484498a3727}</UniqueIdentifier>
    </Filter>
    <Filter Include="Engine\Graphics\Shaders\Light Shaders">
      <UniqueIdentifier>{741c2f16-8579-4c5d-b745-9d86299a6129}</UniqueIdentifier>
    </Filter>
    <Filter Include="Engine\Graphics\Shaders\Shadow Pass Shaders">
      <UniqueIdentifier>{a90a11f7-2cbe-4b78-b06c-745fa5f3d047}</UniqueIdentifier>
    </Filter>
    <Filter Include="Engine\Graphics\Shaders\Bounding Box Shaders">
      <UniqueIdentifier>{6e51fe19-ccb5-4e94-96de-957618062c03}</UniqueIdentifier>
    </Filter>
    <Filter Include="Engine\Graphics\Shaders\Skybox Shaders">
      <UniqueIdentifier>{5c77d980-3e50-4929-8914-c7ac4e395f18}</UniqueIdentifier>
    </Filter>
    <Filter Include="Engine\Graphics\Shaders\G Shaders">
      <UniqueIdentifier>{0a9b69c2-294c-45ca-8f5e-812a3ef01f02}</UniqueIdentifier>
    </Filter>
    <Filter Include="Engine\Graphics\Shaders\BlurFilter">
      <UniqueIdentifier>{1df4d83f-2a72-44bc-9ee1-5706e04bb33c}</UniqueIdentifier>
    </Filter>
    <Filter Include="Engine\AI">
      <UniqueIdentifier>{db4c8b41-9fa2-43cb-9634-065f013ec3bd}</UniqueIdentifier>
    </Filter>
    <Filter Include="Engine\IO">
      <UniqueIdentifier>{8361d11f-f9ac-4f0e-bbba-ec12bcad461e}</UniqueIdentifier>
    </Filter>
    <Filter Include="Engine\Audio">
      <UniqueIdentifier>{a4c7c3b2-8717-4dcb-a47b-3739f2fad1ab}</UniqueIdentifier>
    </Filter>
    <Filter Include="Engine\Graphics\Techniques\Acceleration">
      <UniqueIdentifier>{6b4a2f71-66e2-4785-9100-25c162d81c04}</UniqueIdentifier>
    </Filter>
    <Filter Include="Engine\Graphics\Techniques\Acceleration\Frustum Culling">
      <UniqueIdentifier>{74702e8d-0e06-420e-abff-7d96a9b3d658}</UniqueIdentifier>
    </Filter>
    <Filter Include="Engine\Graphics\Shaders\Animation">
      <UniqueIdentifier>{9c0fdea3-4c0c-4337-99b7-1c723749b9b4}</UniqueIdentifier>
    </Filter>
    <Filter Include="Engine\Resources\Objects\Animation">
      <UniqueIdentifier>{3402cc4e-1d5e-43de-b490-9fe1959a9fd6}</UniqueIdentifier>
    </Filter>
  </ItemGroup>
</Project>